
Microsoft Visual Studio Solution File, Format Version 12.00
# Visual Studio 2013
VisualStudioVersion = 12.0.21005.1
MinimumVisualStudioVersion = 10.0.40219.1
Project("{FAE04EC0-301F-11D3-BF4B-00C04F79EFBC}") = "ResxEditor", "ResxEditor.csproj", "{B59EAA80-FF7D-4859-9320-4376DADFE2B8}"
EndProject
Global
	GlobalSection(SolutionConfigurationPlatforms) = preSolution
		Debug|Any CPU = Debug|Any CPU
		Debug|x86 = Debug|x86
		Mono|Any CPU = Mono|Any CPU
		Mono|x86 = Mono|x86
		MonoRelease|Any CPU = MonoRelease|Any CPU
		MonoRelease|x86 = MonoRelease|x86
		Release|Any CPU = Release|Any CPU
		Release|x86 = Release|x86
	EndGlobalSection
	GlobalSection(ProjectConfigurationPlatforms) = postSolution
		{B59EAA80-FF7D-4859-9320-4376DADFE2B8}.Debug|Any CPU.ActiveCfg = Debug|x86
		{B59EAA80-FF7D-4859-9320-4376DADFE2B8}.Debug|x86.ActiveCfg = Debug|x86
		{B59EAA80-FF7D-4859-9320-4376DADFE2B8}.Debug|x86.Build.0 = Debug|x86
		{B59EAA80-FF7D-4859-9320-4376DADFE2B8}.Mono|Any CPU.ActiveCfg = Release|Any CPU
		{B59EAA80-FF7D-4859-9320-4376DADFE2B8}.Mono|Any CPU.Build.0 = Release|Any CPU
		{B59EAA80-FF7D-4859-9320-4376DADFE2B8}.Mono|x86.ActiveCfg = Release|x86
		{B59EAA80-FF7D-4859-9320-4376DADFE2B8}.Mono|x86.Build.0 = Release|x86
		{B59EAA80-FF7D-4859-9320-4376DADFE2B8}.MonoRelease|Any CPU.ActiveCfg = Release|Any CPU
		{B59EAA80-FF7D-4859-9320-4376DADFE2B8}.MonoRelease|Any CPU.Build.0 = Release|Any CPU
		{B59EAA80-FF7D-4859-9320-4376DADFE2B8}.MonoRelease|x86.ActiveCfg = Release|x86
		{B59EAA80-FF7D-4859-9320-4376DADFE2B8}.MonoRelease|x86.Build.0 = Release|x86
		{B59EAA80-FF7D-4859-9320-4376DADFE2B8}.Release|Any CPU.ActiveCfg = Release|x86
		{B59EAA80-FF7D-4859-9320-4376DADFE2B8}.Release|x86.ActiveCfg = Release|x86
		{B59EAA80-FF7D-4859-9320-4376DADFE2B8}.Release|x86.Build.0 = Release|x86
	EndGlobalSection
	GlobalSection(SolutionProperties) = preSolution
		HideSolutionNode = FALSE
	EndGlobalSection
EndGlobal
